// !$*UTF8*$!
{
	archiveVersion = 1;
	classes = {
	};
	objectVersion = 50;
	objects = {

/* Begin PBXBuildFile section */
		D6851F5520FE781F00019B4F /* AppDelegate.swift in Sources */ = {isa = PBXBuildFile; fileRef = D6851F5420FE781F00019B4F /* AppDelegate.swift */; };
		D6851F5720FE781F00019B4F /* GoalsVC.swift in Sources */ = {isa = PBXBuildFile; fileRef = D6851F5620FE781F00019B4F /* GoalsVC.swift */; };
		D6851F5A20FE781F00019B4F /* Main.storyboard in Resources */ = {isa = PBXBuildFile; fileRef = D6851F5820FE781F00019B4F /* Main.storyboard */; };
		D6851F5D20FE781F00019B4F /* YourGoal.xcdatamodeld in Sources */ = {isa = PBXBuildFile; fileRef = D6851F5B20FE781F00019B4F /* YourGoal.xcdatamodeld */; };
		D6851F5F20FE782000019B4F /* Assets.xcassets in Resources */ = {isa = PBXBuildFile; fileRef = D6851F5E20FE782000019B4F /* Assets.xcassets */; };
		D6851F6220FE782000019B4F /* LaunchScreen.storyboard in Resources */ = {isa = PBXBuildFile; fileRef = D6851F6020FE782000019B4F /* LaunchScreen.storyboard */; };
		D6851F6E21011AE000019B4F /* GoalCell.swift in Sources */ = {isa = PBXBuildFile; fileRef = D6851F6D21011AE000019B4F /* GoalCell.swift */; };
/* End PBXBuildFile section */

/* Begin PBXFileReference section */
		D6851F5120FE781F00019B4F /* YourGoal.app */ = {isa = PBXFileReference; explicitFileType = wrapper.application; includeInIndex = 0; path = YourGoal.app; sourceTree = BUILT_PRODUCTS_DIR; };
		D6851F5420FE781F00019B4F /* AppDelegate.swift */ = {isa = PBXFileReference; lastKnownFileType = sourcecode.swift; path = AppDelegate.swift; sourceTree = "<group>"; };
		D6851F5620FE781F00019B4F /* GoalsVC.swift */ = {isa = PBXFileReference; lastKnownFileType = sourcecode.swift; path = GoalsVC.swift; sourceTree = "<group>"; };
		D6851F5920FE781F00019B4F /* Base */ = {isa = PBXFileReference; lastKnownFileType = file.storyboard; name = Base; path = Base.lproj/Main.storyboard; sourceTree = "<group>"; };
		D6851F5C20FE781F00019B4F /* YourGoal.xcdatamodel */ = {isa = PBXFileReference; lastKnownFileType = wrapper.xcdatamodel; path = YourGoal.xcdatamodel; sourceTree = "<group>"; };
		D6851F5E20FE782000019B4F /* Assets.xcassets */ = {isa = PBXFileReference; lastKnownFileType = folder.assetcatalog; path = Assets.xcassets; sourceTree = "<group>"; };
		D6851F6120FE782000019B4F /* Base */ = {isa = PBXFileReference; lastKnownFileType = file.storyboard; name = Base; path = Base.lproj/LaunchScreen.storyboard; sourceTree = "<group>"; };
		D6851F6320FE782000019B4F /* Info.plist */ = {isa = PBXFileReference; lastKnownFileType = text.plist.xml; path = Info.plist; sourceTree = "<group>"; };
		D6851F6D21011AE000019B4F /* GoalCell.swift */ = {isa = PBXFileReference; lastKnownFileType = sourcecode.swift; path = GoalCell.swift; sourceTree = "<group>"; };
/* End PBXFileReference section */

/* Begin PBXFrameworksBuildPhase section */
		D6851F4E20FE781F00019B4F /* Frameworks */ = {
			isa = PBXFrameworksBuildPhase;
			buildActionMask = 2147483647;
			files = (
			);
			runOnlyForDeploymentPostprocessing = 0;
		};
/* End PBXFrameworksBuildPhase section */

/* Begin PBXGroup section */
		D6851F4820FE781F00019B4F = {
			isa = PBXGroup;
			children = (
				D6851F5320FE781F00019B4F /* YourGoal */,
				D6851F5220FE781F00019B4F /* Products */,
			);
			sourceTree = "<group>";
		};
		D6851F5220FE781F00019B4F /* Products */ = {
			isa = PBXGroup;
			children = (
				D6851F5120FE781F00019B4F /* YourGoal.app */,
			);
			name = Products;
			sourceTree = "<group>";
		};
		D6851F5320FE781F00019B4F /* YourGoal */ = {
			isa = PBXGroup;
			children = (
				D6851F6C20FE79EC00019B4F /* Extensions */,
				D6851F6B20FE79DC00019B4F /* Enums */,
				D6851F6A20FE79D300019B4F /* View */,
				D6851F6920FE79C600019B4F /* Controller */,
				D6851F5420FE781F00019B4F /* AppDelegate.swift */,
				D6851F5820FE781F00019B4F /* Main.storyboard */,
				D6851F5E20FE782000019B4F /* Assets.xcassets */,
				D6851F6020FE782000019B4F /* LaunchScreen.storyboard */,
				D6851F6320FE782000019B4F /* Info.plist */,
				D6851F5B20FE781F00019B4F /* YourGoal.xcdatamodeld */,
			);
			path = YourGoal;
			sourceTree = "<group>";
		};
		D6851F6920FE79C600019B4F /* Controller */ = {
			isa = PBXGroup;
			children = (
				D6851F5620FE781F00019B4F /* GoalsVC.swift */,
			);
			path = Controller;
			sourceTree = "<group>";
		};
		D6851F6A20FE79D300019B4F /* View */ = {
			isa = PBXGroup;
			children = (
				D6851F6D21011AE000019B4F /* GoalCell.swift */,
			);
			path = View;
			sourceTree = "<group>";
		};
		D6851F6B20FE79DC00019B4F /* Enums */ = {
			isa = PBXGroup;
			children = (
			);
			path = Enums;
			sourceTree = "<group>";
		};
		D6851F6C20FE79EC00019B4F /* Extensions */ = {
			isa = PBXGroup;
			children = (
			);
			path = Extensions;
			sourceTree = "<group>";
		};
/* End PBXGroup section */

/* Begin PBXNativeTarget section */
		D6851F5020FE781F00019B4F /* YourGoal */ = {
			isa = PBXNativeTarget;
			buildConfigurationList = D6851F6620FE782000019B4F /* Build configuration list for PBXNativeTarget "YourGoal" */;
			buildPhases = (
				D6851F4D20FE781F00019B4F /* Sources */,
				D6851F4E20FE781F00019B4F /* Frameworks */,
				D6851F4F20FE781F00019B4F /* Resources */,
			);
			buildRules = (
			);
			dependencies = (
			);
			name = YourGoal;
			productName = YourGoal;
			productReference = D6851F5120FE781F00019B4F /* YourGoal.app */;
			productType = "com.apple.product-type.application";
		};
/* End PBXNativeTarget section */

/* Begin PBXProject section */
		D6851F4920FE781F00019B4F /* Project object */ = {
			isa = PBXProject;
			attributes = {
				LastSwiftUpdateCheck = 0940;
				LastUpgradeCheck = 0940;
				ORGANIZATIONNAME = "Tomasz Jaeschke";
				TargetAttributes = {
					D6851F5020FE781F00019B4F = {
						CreatedOnToolsVersion = 9.4.1;
					};
				};
			};
			buildConfigurationList = D6851F4C20FE781F00019B4F /* Build configuration list for PBXProject "YourGoal" */;
			compatibilityVersion = "Xcode 9.3";
			developmentRegion = en;
			hasScannedForEncodings = 0;
			knownRegions = (
				en,
				Base,
			);
			mainGroup = D6851F4820FE781F00019B4F;
			productRefGroup = D6851F5220FE781F00019B4F /* Products */;
			projectDirPath = "";
			projectRoot = "";
			targets = (
				D6851F5020FE781F00019B4F /* YourGoal */,
			);
		};
/* End PBXProject section */

/* Begin PBXResourcesBuildPhase section */
		D6851F4F20FE781F00019B4F /* Resources */ = {
			isa = PBXResourcesBuildPhase;
			buildActionMask = 2147483647;
			files = (
				D6851F6220FE782000019B4F /* LaunchScreen.storyboard in Resources */,
				D6851F5F20FE782000019B4F /* Assets.xcassets in Resources */,
				D6851F5A20FE781F00019B4F /* Main.storyboard in Resources */,
			);
			runOnlyForDeploymentPostprocessing = 0;
		};
/* End PBXResourcesBuildPhase section */

/* Begin PBXSourcesBuildPhase section */
		D6851F4D20FE781F00019B4F /* Sources */ = {
			isa = PBXSourcesBuildPhase;
			buildActionMask = 2147483647;
			files = (
				D6851F6E21011AE000019B4F /* GoalCell.swift in Sources */,
				D6851F5D20FE781F00019B4F /* YourGoal.xcdatamodeld in Sources */,
				D6851F5720FE781F00019B4F /* GoalsVC.swift in Sources */,
				D6851F5520FE781F00019B4F /* AppDelegate.swift in Sources */,
			);
			runOnlyForDeploymentPostprocessing = 0;
		};
/* End PBXSourcesBuildPhase section */

/* Begin PBXVariantGroup section */
		D6851F5820FE781F00019B4F /* Main.storyboard */ = {
			isa = PBXVariantGroup;
			children = (
				D6851F5920FE781F00019B4F /* Base */,
			);
			name = Main.storyboard;
			sourceTree = "<group>";
		};
		D6851F6020FE782000019B4F /* LaunchScreen.storyboard */ = {
			isa = PBXVariantGroup;
			children = (
				D6851F6120FE782000019B4F /* Base */,
			);
			name = LaunchScreen.storyboard;
			sourceTree = "<group>";
		};
/* End PBXVariantGroup section */

/* Begin XCBuildConfiguration section */
		D6851F6420FE782000019B4F /* Debug */ = {
			isa = XCBuildConfiguration;
			buildSettings = {
				ALWAYS_SEARCH_USER_PATHS = NO;
				CLANG_ANALYZER_NONNULL = YES;
				CLANG_ANALYZER_NUMBER_OBJECT_CONVERSION = YES_AGGRESSIVE;
				CLANG_CXX_LANGUAGE_STANDARD = "gnu++14";
				CLANG_CXX_LIBRARY = "libc++";
				CLANG_ENABLE_MODULES = YES;
				CLANG_ENABLE_OBJC_ARC = YES;
				CLANG_ENABLE_OBJC_WEAK = YES;
				CLANG_WARN_BLOCK_CAPTURE_AUTORELEASING = YES;
				CLANG_WARN_BOOL_CONVERSION = YES;
				CLANG_WARN_COMMA = YES;
				CLANG_WARN_CONSTANT_CONVERSION = YES;
				CLANG_WARN_DEPRECATED_OBJC_IMPLEMENTATIONS = YES;
				CLANG_WARN_DIRECT_OBJC_ISA_USAGE = YES_ERROR;
				CLANG_WARN_DOCUMENTATION_COMMENTS = YES;
				CLANG_WARN_EMPTY_BODY = YES;
				CLANG_WARN_ENUM_CONVERSION = YES;
				CLANG_WARN_INFINITE_RECURSION = YES;
				CLANG_WARN_INT_CONVERSION = YES;
				CLANG_WARN_NON_LITERAL_NULL_CONVERSION = YES;
				CLANG_WARN_OBJC_IMPLICIT_RETAIN_SELF = YES;
				CLANG_WARN_OBJC_LITERAL_CONVERSION = YES;
				CLANG_WARN_OBJC_ROOT_CLASS = YES_ERROR;
				CLANG_WARN_RANGE_LOOP_ANALYSIS = YES;
				CLANG_WARN_STRICT_PROTOTYPES = YES;
				CLANG_WARN_SUSPICIOUS_MOVE = YES;
				CLANG_WARN_UNGUARDED_AVAILABILITY = YES_AGGRESSIVE;
				CLANG_WARN_UNREACHABLE_CODE = YES;
				CLANG_WARN__DUPLICATE_METHOD_MATCH = YES;
				CODE_SIGN_IDENTITY = "iPhone Developer";
				COPY_PHASE_STRIP = NO;
				DEBUG_INFORMATION_FORMAT = dwarf;
				ENABLE_STRICT_OBJC_MSGSEND = YES;
				ENABLE_TESTABILITY = YES;
				GCC_C_LANGUAGE_STANDARD = gnu11;
				GCC_DYNAMIC_NO_PIC = NO;
				GCC_NO_COMMON_BLOCKS = YES;
				GCC_OPTIMIZATION_LEVEL = 0;
				GCC_PREPROCESSOR_DEFINITIONS = (
					"DEBUG=1",
					"$(inherited)",
				);
				GCC_WARN_64_TO_32_BIT_CONVERSION = YES;
				GCC_WARN_ABOUT_RETURN_TYPE = YES_ERROR;
				GCC_WARN_UNDECLARED_SELECTOR = YES;
				GCC_WARN_UNINITIALIZED_AUTOS = YES_AGGRESSIVE;
				GCC_WARN_UNUSED_FUNCTION = YES;
				GCC_WARN_UNUSED_VARIABLE = YES;
				IPHONEOS_DEPLOYMENT_TARGET = 11.4;
				MTL_ENABLE_DEBUG_INFO = YES;
				ONLY_ACTIVE_ARCH = YES;
				SDKROOT = iphoneos;
				SWIFT_ACTIVE_COMPILATION_CONDITIONS = DEBUG;
				SWIFT_OPTIMIZATION_LEVEL = "-Onone";
			};
			name = Debug;
		};
		D6851F6520FE782000019B4F /* Release */ = {
			isa = XCBuildConfiguration;
			buildSettings = {
				ALWAYS_SEARCH_USER_PATHS = NO;
				CLANG_ANALYZER_NONNULL = YES;
				CLANG_ANALYZER_NUMBER_OBJECT_CONVERSION = YES_AGGRESSIVE;
				CLANG_CXX_LANGUAGE_STANDARD = "gnu++14";
				CLANG_CXX_LIBRARY = "libc++";
				CLANG_ENABLE_MODULES = YES;
				CLANG_ENABLE_OBJC_ARC = YES;
				CLANG_ENABLE_OBJC_WEAK = YES;
				CLANG_WARN_BLOCK_CAPTURE_AUTORELEASING = YES;
				CLANG_WARN_BOOL_CONVERSION = YES;
				CLANG_WARN_COMMA = YES;
				CLANG_WARN_CONSTANT_CONVERSION = YES;
				CLANG_WARN_DEPRECATED_OBJC_IMPLEMENTATIONS = YES;
				CLANG_WARN_DIRECT_OBJC_ISA_USAGE = YES_ERROR;
				CLANG_WARN_DOCUMENTATION_COMMENTS = YES;
				CLANG_WARN_EMPTY_BODY = YES;
				CLANG_WARN_ENUM_CONVERSION = YES;
				CLANG_WARN_INFINITE_RECURSION = YES;
				CLANG_WARN_INT_CONVERSION = YES;
				CLANG_WARN_NON_LITERAL_NULL_CONVERSION = YES;
				CLANG_WARN_OBJC_IMPLICIT_RETAIN_SELF = YES;
				CLANG_WARN_OBJC_LITERAL_CONVERSION = YES;
				CLANG_WARN_OBJC_ROOT_CLASS = YES_ERROR;
				CLANG_WARN_RANGE_LOOP_ANALYSIS = YES;
				CLANG_WARN_STRICT_PROTOTYPES = YES;
				CLANG_WARN_SUSPICIOUS_MOVE = YES;
				CLANG_WARN_UNGUARDED_AVAILABILITY = YES_AGGRESSIVE;
				CLANG_WARN_UNREACHABLE_CODE = YES;
				CLANG_WARN__DUPLICATE_METHOD_MATCH = YES;
				CODE_SIGN_IDENTITY = "iPhone Developer";
				COPY_PHASE_STRIP = NO;
				DEBUG_INFORMATION_FORMAT = "dwarf-with-dsym";
				ENABLE_NS_ASSERTIONS = NO;
				ENABLE_STRICT_OBJC_MSGSEND = YES;
				GCC_C_LANGUAGE_STANDARD = gnu11;
				GCC_NO_COMMON_BLOCKS = YES;
				GCC_WARN_64_TO_32_BIT_CONVERSION = YES;
				GCC_WARN_ABOUT_RETURN_TYPE = YES_ERROR;
				GCC_WARN_UNDECLARED_SELECTOR = YES;
				GCC_WARN_UNINITIALIZED_AUTOS = YES_AGGRESSIVE;
				GCC_WARN_UNUSED_FUNCTION = YES;
				GCC_WARN_UNUSED_VARIABLE = YES;
				IPHONEOS_DEPLOYMENT_TARGET = 11.4;
				MTL_ENABLE_DEBUG_INFO = NO;
				SDKROOT = iphoneos;
				SWIFT_COMPILATION_MODE = wholemodule;
				SWIFT_OPTIMIZATION_LEVEL = "-O";
				VALIDATE_PRODUCT = YES;
			};
			name = Release;
		};
		D6851F6720FE782000019B4F /* Debug */ = {
			isa = XCBuildConfiguration;
			buildSettings = {
				ASSETCATALOG_COMPILER_APPICON_NAME = AppIcon;
				CODE_SIGN_STYLE = Automatic;
				DEVELOPMENT_TEAM = 5F3T78YFZV;
				INFOPLIST_FILE = YourGoal/Info.plist;
				LD_RUNPATH_SEARCH_PATHS = (
					"$(inherited)",
					"@executable_path/Frameworks",
				);
				PRODUCT_BUNDLE_IDENTIFIER = com.tomaszjaeschke.YourGoal;
				PRODUCT_NAME = "$(TARGET_NAME)";
				SWIFT_VERSION = 4.0;
				TARGETED_DEVICE_FAMILY = "1,2";
			};
			name = Debug;
		};
		D6851F6820FE782000019B4F /* Release */ = {
			isa = XCBuildConfiguration;
			buildSettings = {
				ASSETCATALOG_COMPILER_APPICON_NAME = AppIcon;
				CODE_SIGN_STYLE = Automatic;
				DEVELOPMENT_TEAM = 5F3T78YFZV;
				INFOPLIST_FILE = YourGoal/Info.plist;
				LD_RUNPATH_SEARCH_PATHS = (
					"$(inherited)",
					"@executable_path/Frameworks",
				);
				PRODUCT_BUNDLE_IDENTIFIER = com.tomaszjaeschke.YourGoal;
				PRODUCT_NAME = "$(TARGET_NAME)";
				SWIFT_VERSION = 4.0;
				TARGETED_DEVICE_FAMILY = "1,2";
			};
			name = Release;
		};
/* End XCBuildConfiguration section */

/* Begin XCConfigurationList section */
		D6851F4C20FE781F00019B4F /* Build configuration list for PBXProject "YourGoal" */ = {
			isa = XCConfigurationList;
			buildConfigurations = (
				D6851F6420FE782000019B4F /* Debug */,
				D6851F6520FE782000019B4F /* Release */,
			);
			defaultConfigurationIsVisible = 0;
			defaultConfigurationName = Release;
		};
		D6851F6620FE782000019B4F /* Build configuration list for PBXNativeTarget "YourGoal" */ = {
			isa = XCConfigurationList;
			buildConfigurations = (
				D6851F6720FE782000019B4F /* Debug */,
				D6851F6820FE782000019B4F /* Release */,
			);
			defaultConfigurationIsVisible = 0;
			defaultConfigurationName = Release;
		};
/* End XCConfigurationList section */

/* Begin XCVersionGroup section */
		D6851F5B20FE781F00019B4F /* YourGoal.xcdatamodeld */ = {
			isa = XCVersionGroup;
			children = (
				D6851F5C20FE781F00019B4F /* YourGoal.xcdatamodel */,
			);
			currentVersion = D6851F5C20FE781F00019B4F /* YourGoal.xcdatamodel */;
			path = YourGoal.xcdatamodeld;
			sourceTree = "<group>";
			versionGroupType = wrapper.xcdatamodel;
		};
/* End XCVersionGroup section */
	};
	rootObject = D6851F4920FE781F00019B4F /* Project object */;
}
